
Microsoft Visual Studio Solution File, Format Version 12.00
# Visual Studio Version 17
VisualStudioVersion = 17.11.35327.3
MinimumVisualStudioVersion = 10.0.40219.1
Project("{FAE04EC0-301F-11D3-BF4B-00C04F79EFBC}") = "Carsalesbyhoho", "Carsalesbyhoho\Carsalesbyhoho.csproj", "{4B90316B-3BC9-4D48-B615-093D2C18FE55}"
EndProject
Global
	GlobalSection(SolutionConfigurationPlatforms) = preSolution
		Debug|Any CPU = Debug|Any CPU
		Release|Any CPU = Release|Any CPU
	EndGlobalSection
	GlobalSection(ProjectConfigurationPlatforms) = postSolution
		{4B90316B-3BC9-4D48-B615-093D2C18FE55}.Debug|Any CPU.ActiveCfg = Debug|Any CPU
		{4B90316B-3BC9-4D48-B615-093D2C18FE55}.Debug|Any CPU.Build.0 = Debug|Any CPU
		{4B90316B-3BC9-4D48-B615-093D2C18FE55}.Release|Any CPU.ActiveCfg = Release|Any CPU
		{4B90316B-3BC9-4D48-B615-093D2C18FE55}.Release|Any CPU.Build.0 = Release|Any CPU
	EndGlobalSection
	GlobalSection(SolutionProperties) = preSolution
		HideSolutionNode = FALSE
	EndGlobalSection
	GlobalSection(ExtensibilityGlobals) = postSolution
		SolutionGuid = {17157154-6278-4D7B-BA96-74F58815A968}
	EndGlobalSection
EndGlobal
